{
    "_meta": {
        "hash": {
            "sha256": "2dd3f180294a66fcf6f764ce8f56146cc2d4921f9816433fc54d71752a8c08f0"
        },
        "pipfile-spec": 6,
        "requires": {
            "python_version": "3.13"
        },
        "sources": [
            {
                "name": "pypi",
                "url": "https://pypi.org/simple",
                "verify_ssl": true
            }
        ]
    },
    "default": {
        "protobuf": {
            "hashes": [
                "sha256:0c4eec6f987338617072592b97943fdbe30d019c56126493111cf24344c1cc24",
                "sha256:135658402f71bbd49500322c0f736145731b16fc79dc8f367ab544a17eab4535",
                "sha256:27b246b3723692bf1068d5734ddaf2fccc2cdd6e0c9b47fe099244d80200593b",
                "sha256:3e6101d095dfd119513cde7259aa703d16c6bbdfae2554dfe5cfdbe94e32d548",
                "sha256:3fa2de6b8b29d12c61911505d893afe7320ce7ccba4df913e2971461fa36d584",
                "sha256:64badbc49180a5e401f373f9ce7ab1d18b63f7dd4a9cdc43c92b9f0b481cef7b",
                "sha256:70585a70fc2dd4818c51287ceef5bdba6387f88a578c86d47bb34669b5552c36",
                "sha256:712319fbdddb46f21abb66cd33cb9e491a5763b2febd8f228251add221981135",
                "sha256:91fba8f445723fcf400fdbe9ca796b19d3b1242cd873907979b9ed71e4afe868",
                "sha256:a3f6857551e53ce35e60b403b8a27b0295f7d6eb63d10484f12bc6879c715687",
                "sha256:cee1757663fa32a1ee673434fcf3bf24dd54763c79690201208bafec62f19eed"
            ],
            "markers": "python_version >= '3.8'",
            "version": "==5.28.3"
        },
        "temporalio": {
            "hashes": [
                "sha256:4ee13d155dc917e7792b87d1e37b1a0e837c361deb722ccc294edaa5344f2fa2",
                "sha256:6a45571c09859b6cbf33be26dd5d5fab7e7ee3625750a7b91ebde5770e61015b",
                "sha256:6b67c115b6eaceddae373dc2c597e5ad5dd567282f4bb0ee63c99124f5f0c12d",
                "sha256:6ec61660631b2513ce710b468068135280996af105571126295c9645bf29ee22",
                "sha256:b9e239b8bfd60126a4b591c6e2e691392b69afc8cac9db452d692654bf85f9cc",
                "sha256:c6acb217d4bd7297389db756dd9da73ef2bae17f6afee1faa8bf77be200e8b93"
            ],
            "index": "pypi",
            "markers": "python_version >= '3.8' and python_version < '4.0'",
            "version": "==1.8.0"
        },
        "types-protobuf": {
            "hashes": [
                "sha256:5cecf612ccdefb7dc95f7a51fb502902f20fc2e6681cd500184aaa1b3931d6a7",
                "sha256:d181af8a256e5a91ce8d5adb53496e880efd9144c7d54483e3653332b60296f0"
            ],
            "markers": "python_version >= '3.8'",
            "version": "==5.28.0.20240924"
        },
        "typing-extensions": {
            "hashes": [
                "sha256:04e5ca0351e0f3f85c6853954072df659d0d13fac324d0072316b67d7794700d",
                "sha256:1a7ead55c7e559dd4dee8856e3a88b41225abfe1ce8df57b7c13915fe121ffb8"
            ],
            "markers": "python_version >= '3.8'",
            "version": "==4.12.2"
        }
    },
    "develop": {}
}
